
Microsoft Visual Studio Solution File, Format Version 12.00
# Visual Studio 15
VisualStudioVersion = 15.0.28010.2016
MinimumVisualStudioVersion = 10.0.40219.1
Project("{FAE04EC0-301F-11D3-BF4B-00C04F79EFBC}") = "Consolidator", "Consolidator\Consolidator.csproj", "{D5F6A616-1B6E-4865-B957-D90C50945803}"
EndProject
Project("{FAE04EC0-301F-11D3-BF4B-00C04F79EFBC}") = "TestConsolidator", "TestConsolidator\TestConsolidator.csproj", "{589D945B-6182-40C4-8688-0EFA1CB67011}"
EndProject
Global
	GlobalSection(SolutionConfigurationPlatforms) = preSolution
		Debug|Any CPU = Debug|Any CPU
		Debug|ARM = Debug|ARM
		Debug|x64 = Debug|x64
		Debug|x86 = Debug|x86
		Release|Any CPU = Release|Any CPU
		Release|ARM = Release|ARM
		Release|x64 = Release|x64
		Release|x86 = Release|x86
	EndGlobalSection
	GlobalSection(ProjectConfigurationPlatforms) = postSolution
		{D5F6A616-1B6E-4865-B957-D90C50945803}.Debug|Any CPU.ActiveCfg = Debug|Any CPU
		{D5F6A616-1B6E-4865-B957-D90C50945803}.Debug|Any CPU.Build.0 = Debug|Any CPU
		{D5F6A616-1B6E-4865-B957-D90C50945803}.Debug|ARM.ActiveCfg = Debug|Any CPU
		{D5F6A616-1B6E-4865-B957-D90C50945803}.Debug|ARM.Build.0 = Debug|Any CPU
		{D5F6A616-1B6E-4865-B957-D90C50945803}.Debug|x64.ActiveCfg = Debug|Any CPU
		{D5F6A616-1B6E-4865-B957-D90C50945803}.Debug|x64.Build.0 = Debug|Any CPU
		{D5F6A616-1B6E-4865-B957-D90C50945803}.Debug|x86.ActiveCfg = Debug|Any CPU
		{D5F6A616-1B6E-4865-B957-D90C50945803}.Debug|x86.Build.0 = Debug|Any CPU
		{D5F6A616-1B6E-4865-B957-D90C50945803}.Release|Any CPU.ActiveCfg = Release|Any CPU
		{D5F6A616-1B6E-4865-B957-D90C50945803}.Release|Any CPU.Build.0 = Release|Any CPU
		{D5F6A616-1B6E-4865-B957-D90C50945803}.Release|ARM.ActiveCfg = Release|Any CPU
		{D5F6A616-1B6E-4865-B957-D90C50945803}.Release|ARM.Build.0 = Release|Any CPU
		{D5F6A616-1B6E-4865-B957-D90C50945803}.Release|x64.ActiveCfg = Release|Any CPU
		{D5F6A616-1B6E-4865-B957-D90C50945803}.Release|x64.Build.0 = Release|Any CPU
		{D5F6A616-1B6E-4865-B957-D90C50945803}.Release|x86.ActiveCfg = Release|Any CPU
		{D5F6A616-1B6E-4865-B957-D90C50945803}.Release|x86.Build.0 = Release|Any CPU
		{589D945B-6182-40C4-8688-0EFA1CB67011}.Debug|Any CPU.ActiveCfg = Debug|Any CPU
		{589D945B-6182-40C4-8688-0EFA1CB67011}.Debug|Any CPU.Build.0 = Debug|Any CPU
		{589D945B-6182-40C4-8688-0EFA1CB67011}.Debug|ARM.ActiveCfg = Debug|Any CPU
		{589D945B-6182-40C4-8688-0EFA1CB67011}.Debug|ARM.Build.0 = Debug|Any CPU
		{589D945B-6182-40C4-8688-0EFA1CB67011}.Debug|x64.ActiveCfg = Debug|Any CPU
		{589D945B-6182-40C4-8688-0EFA1CB67011}.Debug|x64.Build.0 = Debug|Any CPU
		{589D945B-6182-40C4-8688-0EFA1CB67011}.Debug|x86.ActiveCfg = Debug|Any CPU
		{589D945B-6182-40C4-8688-0EFA1CB67011}.Debug|x86.Build.0 = Debug|Any CPU
		{589D945B-6182-40C4-8688-0EFA1CB67011}.Release|Any CPU.ActiveCfg = Release|Any CPU
		{589D945B-6182-40C4-8688-0EFA1CB67011}.Release|Any CPU.Build.0 = Release|Any CPU
		{589D945B-6182-40C4-8688-0EFA1CB67011}.Release|ARM.ActiveCfg = Release|Any CPU
		{589D945B-6182-40C4-8688-0EFA1CB67011}.Release|ARM.Build.0 = Release|Any CPU
		{589D945B-6182-40C4-8688-0EFA1CB67011}.Release|x64.ActiveCfg = Release|Any CPU
		{589D945B-6182-40C4-8688-0EFA1CB67011}.Release|x64.Build.0 = Release|Any CPU
		{589D945B-6182-40C4-8688-0EFA1CB67011}.Release|x86.ActiveCfg = Release|Any CPU
		{589D945B-6182-40C4-8688-0EFA1CB67011}.Release|x86.Build.0 = Release|Any CPU
	EndGlobalSection
	GlobalSection(SolutionProperties) = preSolution
		HideSolutionNode = FALSE
	EndGlobalSection
	GlobalSection(ExtensibilityGlobals) = postSolution
		SolutionGuid = {854DECE9-1F47-4EFE-83D2-F11A23B30567}
	EndGlobalSection
EndGlobal
